// !$*UTF8*$!
{
	archiveVersion = 1;
	classes = {
	};
	objectVersion = 55;
	objects = {

/* Begin PBXBuildFile section */
		5BF019A278B4EB162E6856EA /* Pods_assignment1.framework in Frameworks */ = {isa = PBXBuildFile; fileRef = 1D02CA628475FAEEBCC6C40A /* Pods_assignment1.framework */; };
		5BF4E7DD5D05BD073DF7A710 /* Pods_assignment1_assignment1UITests.framework in Frameworks */ = {isa = PBXBuildFile; fileRef = 79AB83B21674154ABA800D8F /* Pods_assignment1_assignment1UITests.framework */; };
		8C9509993FFB8B952FD1DD33 /* Pods_assignment1Tests.framework in Frameworks */ = {isa = PBXBuildFile; fileRef = D0C1CD4FB377BEC8967698B1 /* Pods_assignment1Tests.framework */; };
		A4C857FE28CFF96500B29023 /* AppDelegate.swift in Sources */ = {isa = PBXBuildFile; fileRef = A4C857FD28CFF96500B29023 /* AppDelegate.swift */; };
		A4C8580028CFF96500B29023 /* SceneDelegate.swift in Sources */ = {isa = PBXBuildFile; fileRef = A4C857FF28CFF96500B29023 /* SceneDelegate.swift */; };
		A4C8580228CFF96500B29023 /* MoviesViewController.swift in Sources */ = {isa = PBXBuildFile; fileRef = A4C8580128CFF96500B29023 /* MoviesViewController.swift */; };
		A4C8580528CFF96500B29023 /* Main.storyboard in Resources */ = {isa = PBXBuildFile; fileRef = A4C8580328CFF96500B29023 /* Main.storyboard */; };
		A4C8580728CFF96800B29023 /* Assets.xcassets in Resources */ = {isa = PBXBuildFile; fileRef = A4C8580628CFF96800B29023 /* Assets.xcassets */; };
		A4C8580A28CFF96800B29023 /* LaunchScreen.storyboard in Resources */ = {isa = PBXBuildFile; fileRef = A4C8580828CFF96800B29023 /* LaunchScreen.storyboard */; };
		A4C8581528CFF96900B29023 /* assignment1Tests.swift in Sources */ = {isa = PBXBuildFile; fileRef = A4C8581428CFF96900B29023 /* assignment1Tests.swift */; };
		A4C8581F28CFF96900B29023 /* assignment1UITests.swift in Sources */ = {isa = PBXBuildFile; fileRef = A4C8581E28CFF96900B29023 /* assignment1UITests.swift */; };
		A4C8582128CFF96900B29023 /* assignment1UITestsLaunchTests.swift in Sources */ = {isa = PBXBuildFile; fileRef = A4C8582028CFF96900B29023 /* assignment1UITestsLaunchTests.swift */; };
		A4C8582E28D000A400B29023 /* MovieCell.swift in Sources */ = {isa = PBXBuildFile; fileRef = A4C8582D28D000A400B29023 /* MovieCell.swift */; };
		A4EEF20B28D01654005E0A6F /* AlamofireImage in Frameworks */ = {isa = PBXBuildFile; productRef = A4EEF20A28D01654005E0A6F /* AlamofireImage */; };
/* End PBXBuildFile section */

/* Begin PBXContainerItemProxy section */
		A4C8581128CFF96900B29023 /* PBXContainerItemProxy */ = {
			isa = PBXContainerItemProxy;
			containerPortal = A4C857F228CFF96500B29023 /* Project object */;
			proxyType = 1;
			remoteGlobalIDString = A4C857F928CFF96500B29023;
			remoteInfo = assignment1;
		};
		A4C8581B28CFF96900B29023 /* PBXContainerItemProxy */ = {
			isa = PBXContainerItemProxy;
			containerPortal = A4C857F228CFF96500B29023 /* Project object */;
			proxyType = 1;
			remoteGlobalIDString = A4C857F928CFF96500B29023;
			remoteInfo = assignment1;
		};
/* End PBXContainerItemProxy section */

/* Begin PBXFileReference section */
		1D02CA628475FAEEBCC6C40A /* Pods_assignment1.framework */ = {isa = PBXFileReference; explicitFileType = wrapper.framework; includeInIndex = 0; path = Pods_assignment1.framework; sourceTree = BUILT_PRODUCTS_DIR; };
		1D9A7E3BCE4AD60E5A97C605 /* Pods-assignment1.debug.xcconfig */ = {isa = PBXFileReference; includeInIndex = 1; lastKnownFileType = text.xcconfig; name = "Pods-assignment1.debug.xcconfig"; path = "Target Support Files/Pods-assignment1/Pods-assignment1.debug.xcconfig"; sourceTree = "<group>"; };
		1E8E7020908CF008BAA08D6C /* Pods-assignment1Tests.release.xcconfig */ = {isa = PBXFileReference; includeInIndex = 1; lastKnownFileType = text.xcconfig; name = "Pods-assignment1Tests.release.xcconfig"; path = "Target Support Files/Pods-assignment1Tests/Pods-assignment1Tests.release.xcconfig"; sourceTree = "<group>"; };
		2828229191ABBEA4D3E02109 /* Pods-assignment1Tests.debug.xcconfig */ = {isa = PBXFileReference; includeInIndex = 1; lastKnownFileType = text.xcconfig; name = "Pods-assignment1Tests.debug.xcconfig"; path = "Target Support Files/Pods-assignment1Tests/Pods-assignment1Tests.debug.xcconfig"; sourceTree = "<group>"; };
		523BA1C2F6715BAF1FC838AB /* Pods-assignment1-assignment1UITests.release.xcconfig */ = {isa = PBXFileReference; includeInIndex = 1; lastKnownFileType = text.xcconfig; name = "Pods-assignment1-assignment1UITests.release.xcconfig"; path = "Target Support Files/Pods-assignment1-assignment1UITests/Pods-assignment1-assignment1UITests.release.xcconfig"; sourceTree = "<group>"; };
		6231BA66C281A65E809D1D7A /* Pods-assignment1-assignment1UITests.debug.xcconfig */ = {isa = PBXFileReference; includeInIndex = 1; lastKnownFileType = text.xcconfig; name = "Pods-assignment1-assignment1UITests.debug.xcconfig"; path = "Target Support Files/Pods-assignment1-assignment1UITests/Pods-assignment1-assignment1UITests.debug.xcconfig"; sourceTree = "<group>"; };
		79AB83B21674154ABA800D8F /* Pods_assignment1_assignment1UITests.framework */ = {isa = PBXFileReference; explicitFileType = wrapper.framework; includeInIndex = 0; path = Pods_assignment1_assignment1UITests.framework; sourceTree = BUILT_PRODUCTS_DIR; };
		A4C857FA28CFF96500B29023 /* assignment1.app */ = {isa = PBXFileReference; explicitFileType = wrapper.application; includeInIndex = 0; path = assignment1.app; sourceTree = BUILT_PRODUCTS_DIR; };
		A4C857FD28CFF96500B29023 /* AppDelegate.swift */ = {isa = PBXFileReference; lastKnownFileType = sourcecode.swift; path = AppDelegate.swift; sourceTree = "<group>"; };
		A4C857FF28CFF96500B29023 /* SceneDelegate.swift */ = {isa = PBXFileReference; lastKnownFileType = sourcecode.swift; path = SceneDelegate.swift; sourceTree = "<group>"; };
		A4C8580128CFF96500B29023 /* MoviesViewController.swift */ = {isa = PBXFileReference; lastKnownFileType = sourcecode.swift; path = MoviesViewController.swift; sourceTree = "<group>"; };
		A4C8580428CFF96500B29023 /* Base */ = {isa = PBXFileReference; lastKnownFileType = file.storyboard; name = Base; path = Base.lproj/Main.storyboard; sourceTree = "<group>"; };
		A4C8580628CFF96800B29023 /* Assets.xcassets */ = {isa = PBXFileReference; lastKnownFileType = folder.assetcatalog; path = Assets.xcassets; sourceTree = "<group>"; };
		A4C8580928CFF96800B29023 /* Base */ = {isa = PBXFileReference; lastKnownFileType = file.storyboard; name = Base; path = Base.lproj/LaunchScreen.storyboard; sourceTree = "<group>"; };
		A4C8580B28CFF96800B29023 /* Info.plist */ = {isa = PBXFileReference; lastKnownFileType = text.plist.xml; path = Info.plist; sourceTree = "<group>"; };
		A4C8581028CFF96900B29023 /* assignment1Tests.xctest */ = {isa = PBXFileReference; explicitFileType = wrapper.cfbundle; includeInIndex = 0; path = assignment1Tests.xctest; sourceTree = BUILT_PRODUCTS_DIR; };
		A4C8581428CFF96900B29023 /* assignment1Tests.swift */ = {isa = PBXFileReference; lastKnownFileType = sourcecode.swift; path = assignment1Tests.swift; sourceTree = "<group>"; };
		A4C8581A28CFF96900B29023 /* assignment1UITests.xctest */ = {isa = PBXFileReference; explicitFileType = wrapper.cfbundle; includeInIndex = 0; path = assignment1UITests.xctest; sourceTree = BUILT_PRODUCTS_DIR; };
		A4C8581E28CFF96900B29023 /* assignment1UITests.swift */ = {isa = PBXFileReference; lastKnownFileType = sourcecode.swift; path = assignment1UITests.swift; sourceTree = "<group>"; };
		A4C8582028CFF96900B29023 /* assignment1UITestsLaunchTests.swift */ = {isa = PBXFileReference; lastKnownFileType = sourcecode.swift; path = assignment1UITestsLaunchTests.swift; sourceTree = "<group>"; };
		A4C8582D28D000A400B29023 /* MovieCell.swift */ = {isa = PBXFileReference; lastKnownFileType = sourcecode.swift; path = MovieCell.swift; sourceTree = "<group>"; };
		D0C1CD4FB377BEC8967698B1 /* Pods_assignment1Tests.framework */ = {isa = PBXFileReference; explicitFileType = wrapper.framework; includeInIndex = 0; path = Pods_assignment1Tests.framework; sourceTree = BUILT_PRODUCTS_DIR; };
		F9F439E43A9C9E3951C57E23 /* Pods-assignment1.release.xcconfig */ = {isa = PBXFileReference; includeInIndex = 1; lastKnownFileType = text.xcconfig; name = "Pods-assignment1.release.xcconfig"; path = "Target Support Files/Pods-assignment1/Pods-assignment1.release.xcconfig"; sourceTree = "<group>"; };
/* End PBXFileReference section */

/* Begin PBXFrameworksBuildPhase section */
		A4C857F728CFF96500B29023 /* Frameworks */ = {
			isa = PBXFrameworksBuildPhase;
			buildActionMask = 2147483647;
			files = (
				A4EEF20B28D01654005E0A6F /* AlamofireImage in Frameworks */,
				5BF019A278B4EB162E6856EA /* Pods_assignment1.framework in Frameworks */,
			);
			runOnlyForDeploymentPostprocessing = 0;
		};
		A4C8580D28CFF96900B29023 /* Frameworks */ = {
			isa = PBXFrameworksBuildPhase;
			buildActionMask = 2147483647;
			files = (
				8C9509993FFB8B952FD1DD33 /* Pods_assignment1Tests.framework in Frameworks */,
			);
			runOnlyForDeploymentPostprocessing = 0;
		};
		A4C8581728CFF96900B29023 /* Frameworks */ = {
			isa = PBXFrameworksBuildPhase;
			buildActionMask = 2147483647;
			files = (
				5BF4E7DD5D05BD073DF7A710 /* Pods_assignment1_assignment1UITests.framework in Frameworks */,
			);
			runOnlyForDeploymentPostprocessing = 0;
		};
/* End PBXFrameworksBuildPhase section */

/* Begin PBXGroup section */
		82B4B3D1D0E30B9BD398740F /* Frameworks */ = {
			isa = PBXGroup;
			children = (
				1D02CA628475FAEEBCC6C40A /* Pods_assignment1.framework */,
				79AB83B21674154ABA800D8F /* Pods_assignment1_assignment1UITests.framework */,
				D0C1CD4FB377BEC8967698B1 /* Pods_assignment1Tests.framework */,
			);
			name = Frameworks;
			sourceTree = "<group>";
		};
		A4C857F128CFF96500B29023 = {
			isa = PBXGroup;
			children = (
				A4C857FC28CFF96500B29023 /* assignment1 */,
				A4C8581328CFF96900B29023 /* assignment1Tests */,
				A4C8581D28CFF96900B29023 /* assignment1UITests */,
				A4C857FB28CFF96500B29023 /* Products */,
				D9C066FC7BF84FC8FD5A9D3D /* Pods */,
				82B4B3D1D0E30B9BD398740F /* Frameworks */,
			);
			sourceTree = "<group>";
		};
		A4C857FB28CFF96500B29023 /* Products */ = {
			isa = PBXGroup;
			children = (
				A4C857FA28CFF96500B29023 /* assignment1.app */,
				A4C8581028CFF96900B29023 /* assignment1Tests.xctest */,
				A4C8581A28CFF96900B29023 /* assignment1UITests.xctest */,
			);
			name = Products;
			sourceTree = "<group>";
		};
		A4C857FC28CFF96500B29023 /* assignment1 */ = {
			isa = PBXGroup;
			children = (
				A4C857FD28CFF96500B29023 /* AppDelegate.swift */,
				A4C857FF28CFF96500B29023 /* SceneDelegate.swift */,
				A4C8580128CFF96500B29023 /* MoviesViewController.swift */,
				A4C8582D28D000A400B29023 /* MovieCell.swift */,
				A4C8580328CFF96500B29023 /* Main.storyboard */,
				A4C8580628CFF96800B29023 /* Assets.xcassets */,
				A4C8580828CFF96800B29023 /* LaunchScreen.storyboard */,
				A4C8580B28CFF96800B29023 /* Info.plist */,
			);
			path = assignment1;
			sourceTree = "<group>";
		};
		A4C8581328CFF96900B29023 /* assignment1Tests */ = {
			isa = PBXGroup;
			children = (
				A4C8581428CFF96900B29023 /* assignment1Tests.swift */,
			);
			path = assignment1Tests;
			sourceTree = "<group>";
		};
		A4C8581D28CFF96900B29023 /* assignment1UITests */ = {
			isa = PBXGroup;
			children = (
				A4C8581E28CFF96900B29023 /* assignment1UITests.swift */,
				A4C8582028CFF96900B29023 /* assignment1UITestsLaunchTests.swift */,
			);
			path = assignment1UITests;
			sourceTree = "<group>";
		};
		D9C066FC7BF84FC8FD5A9D3D /* Pods */ = {
			isa = PBXGroup;
			children = (
				1D9A7E3BCE4AD60E5A97C605 /* Pods-assignment1.debug.xcconfig */,
				F9F439E43A9C9E3951C57E23 /* Pods-assignment1.release.xcconfig */,
				6231BA66C281A65E809D1D7A /* Pods-assignment1-assignment1UITests.debug.xcconfig */,
				523BA1C2F6715BAF1FC838AB /* Pods-assignment1-assignment1UITests.release.xcconfig */,
				2828229191ABBEA4D3E02109 /* Pods-assignment1Tests.debug.xcconfig */,
				1E8E7020908CF008BAA08D6C /* Pods-assignment1Tests.release.xcconfig */,
			);
			path = Pods;
			sourceTree = "<group>";
		};
/* End PBXGroup section */

/* Begin PBXNativeTarget section */
		A4C857F928CFF96500B29023 /* assignment1 */ = {
			isa = PBXNativeTarget;
			buildConfigurationList = A4C8582428CFF96900B29023 /* Build configuration list for PBXNativeTarget "assignment1" */;
			buildPhases = (
				E123E1A987F97A634D496FCD /* [CP] Check Pods Manifest.lock */,
				A4C857F628CFF96500B29023 /* Sources */,
				A4C857F728CFF96500B29023 /* Frameworks */,
				A4C857F828CFF96500B29023 /* Resources */,
				55717C098E9DC2D6864D5D97 /* [CP] Embed Pods Frameworks */,
			);
			buildRules = (
			);
			dependencies = (
			);
			name = assignment1;
			packageProductDependencies = (
				A4EEF20A28D01654005E0A6F /* AlamofireImage */,
			);
			productName = assignment1;
			productReference = A4C857FA28CFF96500B29023 /* assignment1.app */;
			productType = "com.apple.product-type.application";
		};
		A4C8580F28CFF96900B29023 /* assignment1Tests */ = {
			isa = PBXNativeTarget;
			buildConfigurationList = A4C8582728CFF96900B29023 /* Build configuration list for PBXNativeTarget "assignment1Tests" */;
			buildPhases = (
				545CDF3C410EDF79CF5030CB /* [CP] Check Pods Manifest.lock */,
				A4C8580C28CFF96900B29023 /* Sources */,
				A4C8580D28CFF96900B29023 /* Frameworks */,
				A4C8580E28CFF96900B29023 /* Resources */,
			);
			buildRules = (
			);
			dependencies = (
				A4C8581228CFF96900B29023 /* PBXTargetDependency */,
			);
			name = assignment1Tests;
			productName = assignment1Tests;
			productReference = A4C8581028CFF96900B29023 /* assignment1Tests.xctest */;
			productType = "com.apple.product-type.bundle.unit-test";
		};
		A4C8581928CFF96900B29023 /* assignment1UITests */ = {
			isa = PBXNativeTarget;
			buildConfigurationList = A4C8582A28CFF96900B29023 /* Build configuration list for PBXNativeTarget "assignment1UITests" */;
			buildPhases = (
				D3A1DE5BF225ECBA389FD59E /* [CP] Check Pods Manifest.lock */,
				A4C8581628CFF96900B29023 /* Sources */,
				A4C8581728CFF96900B29023 /* Frameworks */,
				A4C8581828CFF96900B29023 /* Resources */,
				C18F8D4F6C22983141FFCD97 /* [CP] Embed Pods Frameworks */,
			);
			buildRules = (
			);
			dependencies = (
				A4C8581C28CFF96900B29023 /* PBXTargetDependency */,
			);
			name = assignment1UITests;
			productName = assignment1UITests;
			productReference = A4C8581A28CFF96900B29023 /* assignment1UITests.xctest */;
			productType = "com.apple.product-type.bundle.ui-testing";
		};
/* End PBXNativeTarget section */

/* Begin PBXProject section */
		A4C857F228CFF96500B29023 /* Project object */ = {
			isa = PBXProject;
			attributes = {
				BuildIndependentTargetsInParallel = 1;
				LastSwiftUpdateCheck = 1340;
				LastUpgradeCheck = 1340;
				TargetAttributes = {
					A4C857F928CFF96500B29023 = {
						CreatedOnToolsVersion = 13.4.1;
					};
					A4C8580F28CFF96900B29023 = {
						CreatedOnToolsVersion = 13.4.1;
						TestTargetID = A4C857F928CFF96500B29023;
					};
					A4C8581928CFF96900B29023 = {
						CreatedOnToolsVersion = 13.4.1;
						TestTargetID = A4C857F928CFF96500B29023;
					};
				};
			};
			buildConfigurationList = A4C857F528CFF96500B29023 /* Build configuration list for PBXProject "assignment1" */;
			compatibilityVersion = "Xcode 13.0";
			developmentRegion = en;
			hasScannedForEncodings = 0;
			knownRegions = (
				en,
				Base,
			);
			mainGroup = A4C857F128CFF96500B29023;
			packageReferences = (
				A4EEF20928D01654005E0A6F /* XCRemoteSwiftPackageReference "AlamofireImage" */,
			);
			productRefGroup = A4C857FB28CFF96500B29023 /* Products */;
			projectDirPath = "";
			projectRoot = "";
			targets = (
				A4C857F928CFF96500B29023 /* assignment1 */,
				A4C8580F28CFF96900B29023 /* assignment1Tests */,
				A4C8581928CFF96900B29023 /* assignment1UITests */,
			);
		};
/* End PBXProject section */

/* Begin PBXResourcesBuildPhase section */
		A4C857F828CFF96500B29023 /* Resources */ = {
			isa = PBXResourcesBuildPhase;
			buildActionMask = 2147483647;
			files = (
				A4C8580A28CFF96800B29023 /* LaunchScreen.storyboard in Resources */,
				A4C8580728CFF96800B29023 /* Assets.xcassets in Resources */,
				A4C8580528CFF96500B29023 /* Main.storyboard in Resources */,
			);
			runOnlyForDeploymentPostprocessing = 0;
		};
		A4C8580E28CFF96900B29023 /* Resources */ = {
			isa = PBXResourcesBuildPhase;
			buildActionMask = 2147483647;
			files = (
			);
			runOnlyForDeploymentPostprocessing = 0;
		};
		A4C8581828CFF96900B29023 /* Resources */ = {
			isa = PBXResourcesBuildPhase;
			buildActionMask = 2147483647;
			files = (
			);
			runOnlyForDeploymentPostprocessing = 0;
		};
/* End PBXResourcesBuildPhase section */

/* Begin PBXShellScriptBuildPhase section */
		545CDF3C410EDF79CF5030CB /* [CP] Check Pods Manifest.lock */ = {
			isa = PBXShellScriptBuildPhase;
			buildActionMask = 2147483647;
			files = (
			);
			inputFileListPaths = (
			);
			inputPaths = (
				"${PODS_PODFILE_DIR_PATH}/Podfile.lock",
				"${PODS_ROOT}/Manifest.lock",
			);
			name = "[CP] Check Pods Manifest.lock";
			outputFileListPaths = (
			);
			outputPaths = (
				"$(DERIVED_FILE_DIR)/Pods-assignment1Tests-checkManifestLockResult.txt",
			);
			runOnlyForDeploymentPostprocessing = 0;
			shellPath = /bin/sh;
			shellScript = "diff \"${PODS_PODFILE_DIR_PATH}/Podfile.lock\" \"${PODS_ROOT}/Manifest.lock\" > /dev/null\nif [ $? != 0 ] ; then\n    # print error to STDERR\n    echo \"error: The sandbox is not in sync with the Podfile.lock. Run 'pod install' or update your CocoaPods installation.\" >&2\n    exit 1\nfi\n# This output is used by Xcode 'outputs' to avoid re-running this script phase.\necho \"SUCCESS\" > \"${SCRIPT_OUTPUT_FILE_0}\"\n";
			showEnvVarsInLog = 0;
		};
		55717C098E9DC2D6864D5D97 /* [CP] Embed Pods Frameworks */ = {
			isa = PBXShellScriptBuildPhase;
			buildActionMask = 2147483647;
			files = (
			);
			inputFileListPaths = (
				"${PODS_ROOT}/Target Support Files/Pods-assignment1/Pods-assignment1-frameworks-${CONFIGURATION}-input-files.xcfilelist",
			);
			name = "[CP] Embed Pods Frameworks";
			outputFileListPaths = (
				"${PODS_ROOT}/Target Support Files/Pods-assignment1/Pods-assignment1-frameworks-${CONFIGURATION}-output-files.xcfilelist",
			);
			runOnlyForDeploymentPostprocessing = 0;
			shellPath = /bin/sh;
			shellScript = "\"${PODS_ROOT}/Target Support Files/Pods-assignment1/Pods-assignment1-frameworks.sh\"\n";
			showEnvVarsInLog = 0;
		};
		C18F8D4F6C22983141FFCD97 /* [CP] Embed Pods Frameworks */ = {
			isa = PBXShellScriptBuildPhase;
			buildActionMask = 2147483647;
			files = (
			);
			inputFileListPaths = (
				"${PODS_ROOT}/Target Support Files/Pods-assignment1-assignment1UITests/Pods-assignment1-assignment1UITests-frameworks-${CONFIGURATION}-input-files.xcfilelist",
			);
			name = "[CP] Embed Pods Frameworks";
			outputFileListPaths = (
				"${PODS_ROOT}/Target Support Files/Pods-assignment1-assignment1UITests/Pods-assignment1-assignment1UITests-frameworks-${CONFIGURATION}-output-files.xcfilelist",
			);
			runOnlyForDeploymentPostprocessing = 0;
			shellPath = /bin/sh;
			shellScript = "\"${PODS_ROOT}/Target Support Files/Pods-assignment1-assignment1UITests/Pods-assignment1-assignment1UITests-frameworks.sh\"\n";
			showEnvVarsInLog = 0;
		};
		D3A1DE5BF225ECBA389FD59E /* [CP] Check Pods Manifest.lock */ = {
			isa = PBXShellScriptBuildPhase;
			buildActionMask = 2147483647;
			files = (
			);
			inputFileListPaths = (
			);
			inputPaths = (
				"${PODS_PODFILE_DIR_PATH}/Podfile.lock",
				"${PODS_ROOT}/Manifest.lock",
			);
			name = "[CP] Check Pods Manifest.lock";
			outputFileListPaths = (
			);
			outputPaths = (
				"$(DERIVED_FILE_DIR)/Pods-assignment1-assignment1UITests-checkManifestLockResult.txt",
			);
			runOnlyForDeploymentPostprocessing = 0;
			shellPath = /bin/sh;
			shellScript = "diff \"${PODS_PODFILE_DIR_PATH}/Podfile.lock\" \"${PODS_ROOT}/Manifest.lock\" > /dev/null\nif [ $? != 0 ] ; then\n    # print error to STDERR\n    echo \"error: The sandbox is not in sync with the Podfile.lock. Run 'pod install' or update your CocoaPods installation.\" >&2\n    exit 1\nfi\n# This output is used by Xcode 'outputs' to avoid re-running this script phase.\necho \"SUCCESS\" > \"${SCRIPT_OUTPUT_FILE_0}\"\n";
			showEnvVarsInLog = 0;
		};
		E123E1A987F97A634D496FCD /* [CP] Check Pods Manifest.lock */ = {
			isa = PBXShellScriptBuildPhase;
			buildActionMask = 2147483647;
			files = (
			);
			inputFileListPaths = (
			);
			inputPaths = (
				"${PODS_PODFILE_DIR_PATH}/Podfile.lock",
				"${PODS_ROOT}/Manifest.lock",
			);
			name = "[CP] Check Pods Manifest.lock";
			outputFileListPaths = (
			);
			outputPaths = (
				"$(DERIVED_FILE_DIR)/Pods-assignment1-checkManifestLockResult.txt",
			);
			runOnlyForDeploymentPostprocessing = 0;
			shellPath = /bin/sh;
			shellScript = "diff \"${PODS_PODFILE_DIR_PATH}/Podfile.lock\" \"${PODS_ROOT}/Manifest.lock\" > /dev/null\nif [ $? != 0 ] ; then\n    # print error to STDERR\n    echo \"error: The sandbox is not in sync with the Podfile.lock. Run 'pod install' or update your CocoaPods installation.\" >&2\n    exit 1\nfi\n# This output is used by Xcode 'outputs' to avoid re-running this script phase.\necho \"SUCCESS\" > \"${SCRIPT_OUTPUT_FILE_0}\"\n";
			showEnvVarsInLog = 0;
		};
/* End PBXShellScriptBuildPhase section */

/* Begin PBXSourcesBuildPhase section */
		A4C857F628CFF96500B29023 /* Sources */ = {
			isa = PBXSourcesBuildPhase;
			buildActionMask = 2147483647;
			files = (
				A4C8580228CFF96500B29023 /* MoviesViewController.swift in Sources */,
				A4C857FE28CFF96500B29023 /* AppDelegate.swift in Sources */,
				A4C8582E28D000A400B29023 /* MovieCell.swift in Sources */,
				A4C8580028CFF96500B29023 /* SceneDelegate.swift in Sources */,
			);
			runOnlyForDeploymentPostprocessing = 0;
		};
		A4C8580C28CFF96900B29023 /* Sources */ = {
			isa = PBXSourcesBuildPhase;
			buildActionMask = 2147483647;
			files = (
				A4C8581528CFF96900B29023 /* assignment1Tests.swift in Sources */,
			);
			runOnlyForDeploymentPostprocessing = 0;
		};
		A4C8581628CFF96900B29023 /* Sources */ = {
			isa = PBXSourcesBuildPhase;
			buildActionMask = 2147483647;
			files = (
				A4C8581F28CFF96900B29023 /* assignment1UITests.swift in Sources */,
				A4C8582128CFF96900B29023 /* assignment1UITestsLaunchTests.swift in Sources */,
			);
			runOnlyForDeploymentPostprocessing = 0;
		};
/* End PBXSourcesBuildPhase section */

/* Begin PBXTargetDependency section */
		A4C8581228CFF96900B29023 /* PBXTargetDependency */ = {
			isa = PBXTargetDependency;
			target = A4C857F928CFF96500B29023 /* assignment1 */;
			targetProxy = A4C8581128CFF96900B29023 /* PBXContainerItemProxy */;
		};
		A4C8581C28CFF96900B29023 /* PBXTargetDependency */ = {
			isa = PBXTargetDependency;
			target = A4C857F928CFF96500B29023 /* assignment1 */;
			targetProxy = A4C8581B28CFF96900B29023 /* PBXContainerItemProxy */;
		};
/* End PBXTargetDependency section */

/* Begin PBXVariantGroup section */
		A4C8580328CFF96500B29023 /* Main.storyboard */ = {
			isa = PBXVariantGroup;
			children = (
				A4C8580428CFF96500B29023 /* Base */,
			);
			name = Main.storyboard;
			sourceTree = "<group>";
		};
		A4C8580828CFF96800B29023 /* LaunchScreen.storyboard */ = {
			isa = PBXVariantGroup;
			children = (
				A4C8580928CFF96800B29023 /* Base */,
			);
			name = LaunchScreen.storyboard;
			sourceTree = "<group>";
		};
/* End PBXVariantGroup section */

/* Begin XCBuildConfiguration section */
		A4C8582228CFF96900B29023 /* Debug */ = {
			isa = XCBuildConfiguration;
			buildSettings = {
				ALWAYS_SEARCH_USER_PATHS = NO;
				CLANG_ANALYZER_NONNULL = YES;
				CLANG_ANALYZER_NUMBER_OBJECT_CONVERSION = YES_AGGRESSIVE;
				CLANG_CXX_LANGUAGE_STANDARD = "gnu++17";
				CLANG_ENABLE_MODULES = YES;
				CLANG_ENABLE_OBJC_ARC = YES;
				CLANG_ENABLE_OBJC_WEAK = YES;
				CLANG_WARN_BLOCK_CAPTURE_AUTORELEASING = YES;
				CLANG_WARN_BOOL_CONVERSION = YES;
				CLANG_WARN_COMMA = YES;
				CLANG_WARN_CONSTANT_CONVERSION = YES;
				CLANG_WARN_DEPRECATED_OBJC_IMPLEMENTATIONS = YES;
				CLANG_WARN_DIRECT_OBJC_ISA_USAGE = YES_ERROR;
				CLANG_WARN_DOCUMENTATION_COMMENTS = YES;
				CLANG_WARN_EMPTY_BODY = YES;
				CLANG_WARN_ENUM_CONVERSION = YES;
				CLANG_WARN_INFINITE_RECURSION = YES;
				CLANG_WARN_INT_CONVERSION = YES;
				CLANG_WARN_NON_LITERAL_NULL_CONVERSION = YES;
				CLANG_WARN_OBJC_IMPLICIT_RETAIN_SELF = YES;
				CLANG_WARN_OBJC_LITERAL_CONVERSION = YES;
				CLANG_WARN_OBJC_ROOT_CLASS = YES_ERROR;
				CLANG_WARN_QUOTED_INCLUDE_IN_FRAMEWORK_HEADER = YES;
				CLANG_WARN_RANGE_LOOP_ANALYSIS = YES;
				CLANG_WARN_STRICT_PROTOTYPES = YES;
				CLANG_WARN_SUSPICIOUS_MOVE = YES;
				CLANG_WARN_UNGUARDED_AVAILABILITY = YES_AGGRESSIVE;
				CLANG_WARN_UNREACHABLE_CODE = YES;
				CLANG_WARN__DUPLICATE_METHOD_MATCH = YES;
				COPY_PHASE_STRIP = NO;
				DEBUG_INFORMATION_FORMAT = dwarf;
				ENABLE_STRICT_OBJC_MSGSEND = YES;
				ENABLE_TESTABILITY = YES;
				GCC_C_LANGUAGE_STANDARD = gnu11;
				GCC_DYNAMIC_NO_PIC = NO;
				GCC_NO_COMMON_BLOCKS = YES;
				GCC_OPTIMIZATION_LEVEL = 0;
				GCC_PREPROCESSOR_DEFINITIONS = (
					"DEBUG=1",
					"$(inherited)",
				);
				GCC_WARN_64_TO_32_BIT_CONVERSION = YES;
				GCC_WARN_ABOUT_RETURN_TYPE = YES_ERROR;
				GCC_WARN_UNDECLARED_SELECTOR = YES;
				GCC_WARN_UNINITIALIZED_AUTOS = YES_AGGRESSIVE;
				GCC_WARN_UNUSED_FUNCTION = YES;
				GCC_WARN_UNUSED_VARIABLE = YES;
				IPHONEOS_DEPLOYMENT_TARGET = 15.5;
				MTL_ENABLE_DEBUG_INFO = INCLUDE_SOURCE;
				MTL_FAST_MATH = YES;
				ONLY_ACTIVE_ARCH = YES;
				SDKROOT = iphoneos;
				SWIFT_ACTIVE_COMPILATION_CONDITIONS = DEBUG;
				SWIFT_OPTIMIZATION_LEVEL = "-Onone";
			};
			name = Debug;
		};
		A4C8582328CFF96900B29023 /* Release */ = {
			isa = XCBuildConfiguration;
			buildSettings = {
				ALWAYS_SEARCH_USER_PATHS = NO;
				CLANG_ANALYZER_NONNULL = YES;
				CLANG_ANALYZER_NUMBER_OBJECT_CONVERSION = YES_AGGRESSIVE;
				CLANG_CXX_LANGUAGE_STANDARD = "gnu++17";
				CLANG_ENABLE_MODULES = YES;
				CLANG_ENABLE_OBJC_ARC = YES;
				CLANG_ENABLE_OBJC_WEAK = YES;
				CLANG_WARN_BLOCK_CAPTURE_AUTORELEASING = YES;
				CLANG_WARN_BOOL_CONVERSION = YES;
				CLANG_WARN_COMMA = YES;
				CLANG_WARN_CONSTANT_CONVERSION = YES;
				CLANG_WARN_DEPRECATED_OBJC_IMPLEMENTATIONS = YES;
				CLANG_WARN_DIRECT_OBJC_ISA_USAGE = YES_ERROR;
				CLANG_WARN_DOCUMENTATION_COMMENTS = YES;
				CLANG_WARN_EMPTY_BODY = YES;
				CLANG_WARN_ENUM_CONVERSION = YES;
				CLANG_WARN_INFINITE_RECURSION = YES;
				CLANG_WARN_INT_CONVERSION = YES;
				CLANG_WARN_NON_LITERAL_NULL_CONVERSION = YES;
				CLANG_WARN_OBJC_IMPLICIT_RETAIN_SELF = YES;
				CLANG_WARN_OBJC_LITERAL_CONVERSION = YES;
				CLANG_WARN_OBJC_ROOT_CLASS = YES_ERROR;
				CLANG_WARN_QUOTED_INCLUDE_IN_FRAMEWORK_HEADER = YES;
				CLANG_WARN_RANGE_LOOP_ANALYSIS = YES;
				CLANG_WARN_STRICT_PROTOTYPES = YES;
				CLANG_WARN_SUSPICIOUS_MOVE = YES;
				CLANG_WARN_UNGUARDED_AVAILABILITY = YES_AGGRESSIVE;
				CLANG_WARN_UNREACHABLE_CODE = YES;
				CLANG_WARN__DUPLICATE_METHOD_MATCH = YES;
				COPY_PHASE_STRIP = NO;
				DEBUG_INFORMATION_FORMAT = "dwarf-with-dsym";
				ENABLE_NS_ASSERTIONS = NO;
				ENABLE_STRICT_OBJC_MSGSEND = YES;
				GCC_C_LANGUAGE_STANDARD = gnu11;
				GCC_NO_COMMON_BLOCKS = YES;
				GCC_WARN_64_TO_32_BIT_CONVERSION = YES;
				GCC_WARN_ABOUT_RETURN_TYPE = YES_ERROR;
				GCC_WARN_UNDECLARED_SELECTOR = YES;
				GCC_WARN_UNINITIALIZED_AUTOS = YES_AGGRESSIVE;
				GCC_WARN_UNUSED_FUNCTION = YES;
				GCC_WARN_UNUSED_VARIABLE = YES;
				IPHONEOS_DEPLOYMENT_TARGET = 15.5;
				MTL_ENABLE_DEBUG_INFO = NO;
				MTL_FAST_MATH = YES;
				SDKROOT = iphoneos;
				SWIFT_COMPILATION_MODE = wholemodule;
				SWIFT_OPTIMIZATION_LEVEL = "-O";
				VALIDATE_PRODUCT = YES;
			};
			name = Release;
		};
		A4C8582528CFF96900B29023 /* Debug */ = {
			isa = XCBuildConfiguration;
			baseConfigurationReference = 1D9A7E3BCE4AD60E5A97C605 /* Pods-assignment1.debug.xcconfig */;
			buildSettings = {
				ASSETCATALOG_COMPILER_APPICON_NAME = AppIcon;
				ASSETCATALOG_COMPILER_GLOBAL_ACCENT_COLOR_NAME = AccentColor;
				CODE_SIGN_STYLE = Automatic;
				CURRENT_PROJECT_VERSION = 1;
				DEVELOPMENT_TEAM = LQRUCN56PN;
				GENERATE_INFOPLIST_FILE = YES;
				INFOPLIST_FILE = assignment1/Info.plist;
				INFOPLIST_KEY_CFBundleDisplayName = flix;
				INFOPLIST_KEY_UIApplicationSupportsIndirectInputEvents = YES;
				INFOPLIST_KEY_UILaunchStoryboardName = LaunchScreen;
				INFOPLIST_KEY_UIMainStoryboardFile = Main;
				INFOPLIST_KEY_UISupportedInterfaceOrientations_iPad = "UIInterfaceOrientationPortrait UIInterfaceOrientationPortraitUpsideDown UIInterfaceOrientationLandscapeLeft UIInterfaceOrientationLandscapeRight";
				INFOPLIST_KEY_UISupportedInterfaceOrientations_iPhone = "UIInterfaceOrientationPortrait UIInterfaceOrientationLandscapeLeft UIInterfaceOrientationLandscapeRight";
				LD_RUNPATH_SEARCH_PATHS = (
					"$(inherited)",
					"@executable_path/Frameworks",
				);
				MARKETING_VERSION = 1.0;
				PRODUCT_BUNDLE_IDENTIFIER = com.yfsdevelop.assignment1;
				PRODUCT_NAME = "$(TARGET_NAME)";
				SWIFT_EMIT_LOC_STRINGS = YES;
				SWIFT_VERSION = 5.0;
				TARGETED_DEVICE_FAMILY = "1,2";
			};
			name = Debug;
		};
		A4C8582628CFF96900B29023 /* Release */ = {
			isa = XCBuildConfiguration;
			baseConfigurationReference = F9F439E43A9C9E3951C57E23 /* Pods-assignment1.release.xcconfig */;
			buildSettings = {
				ASSETCATALOG_COMPILER_APPICON_NAME = AppIcon;
				ASSETCATALOG_COMPILER_GLOBAL_ACCENT_COLOR_NAME = AccentColor;
				CODE_SIGN_STYLE = Automatic;
				CURRENT_PROJECT_VERSION = 1;
				DEVELOPMENT_TEAM = LQRUCN56PN;
				GENERATE_INFOPLIST_FILE = YES;
				INFOPLIST_FILE = assignment1/Info.plist;
				INFOPLIST_KEY_CFBundleDisplayName = flix;
				INFOPLIST_KEY_UIApplicationSupportsIndirectInputEvents = YES;
				INFOPLIST_KEY_UILaunchStoryboardName = LaunchScreen;
				INFOPLIST_KEY_UIMainStoryboardFile = Main;
				INFOPLIST_KEY_UISupportedInterfaceOrientations_iPad = "UIInterfaceOrientationPortrait UIInterfaceOrientationPortraitUpsideDown UIInterfaceOrientationLandscapeLeft UIInterfaceOrientationLandscapeRight";
				INFOPLIST_KEY_UISupportedInterfaceOrientations_iPhone = "UIInterfaceOrientationPortrait UIInterfaceOrientationLandscapeLeft UIInterfaceOrientationLandscapeRight";
				LD_RUNPATH_SEARCH_PATHS = (
					"$(inherited)",
					"@executable_path/Frameworks",
				);
				MARKETING_VERSION = 1.0;
				PRODUCT_BUNDLE_IDENTIFIER = com.yfsdevelop.assignment1;
				PRODUCT_NAME = "$(TARGET_NAME)";
				SWIFT_EMIT_LOC_STRINGS = YES;
				SWIFT_VERSION = 5.0;
				TARGETED_DEVICE_FAMILY = "1,2";
			};
			name = Release;
		};
		A4C8582828CFF96900B29023 /* Debug */ = {
			isa = XCBuildConfiguration;
			baseConfigurationReference = 2828229191ABBEA4D3E02109 /* Pods-assignment1Tests.debug.xcconfig */;
			buildSettings = {
				ALWAYS_EMBED_SWIFT_STANDARD_LIBRARIES = YES;
				BUNDLE_LOADER = "$(TEST_HOST)";
				CODE_SIGN_STYLE = Automatic;
				CURRENT_PROJECT_VERSION = 1;
				DEVELOPMENT_TEAM = LQRUCN56PN;
				GENERATE_INFOPLIST_FILE = YES;
				IPHONEOS_DEPLOYMENT_TARGET = 15.5;
				MARKETING_VERSION = 1.0;
				PRODUCT_BUNDLE_IDENTIFIER = com.yfsdevelop.assignment1Tests;
				PRODUCT_NAME = "$(TARGET_NAME)";
				SWIFT_EMIT_LOC_STRINGS = NO;
				SWIFT_VERSION = 5.0;
				TARGETED_DEVICE_FAMILY = "1,2";
				TEST_HOST = "$(BUILT_PRODUCTS_DIR)/assignment1.app/assignment1";
			};
			name = Debug;
		};
		A4C8582928CFF96900B29023 /* Release */ = {
			isa = XCBuildConfiguration;
			baseConfigurationReference = 1E8E7020908CF008BAA08D6C /* Pods-assignment1Tests.release.xcconfig */;
			buildSettings = {
				ALWAYS_EMBED_SWIFT_STANDARD_LIBRARIES = YES;
				BUNDLE_LOADER = "$(TEST_HOST)";
				CODE_SIGN_STYLE = Automatic;
				CURRENT_PROJECT_VERSION = 1;
				DEVELOPMENT_TEAM = LQRUCN56PN;
				GENERATE_INFOPLIST_FILE = YES;
				IPHONEOS_DEPLOYMENT_TARGET = 15.5;
				MARKETING_VERSION = 1.0;
				PRODUCT_BUNDLE_IDENTIFIER = com.yfsdevelop.assignment1Tests;
				PRODUCT_NAME = "$(TARGET_NAME)";
				SWIFT_EMIT_LOC_STRINGS = NO;
				SWIFT_VERSION = 5.0;
				TARGETED_DEVICE_FAMILY = "1,2";
				TEST_HOST = "$(BUILT_PRODUCTS_DIR)/assignment1.app/assignment1";
			};
			name = Release;
		};
		A4C8582B28CFF96900B29023 /* Debug */ = {
			isa = XCBuildConfiguration;
			baseConfigurationReference = 6231BA66C281A65E809D1D7A /* Pods-assignment1-assignment1UITests.debug.xcconfig */;
			buildSettings = {
				ALWAYS_EMBED_SWIFT_STANDARD_LIBRARIES = YES;
				CODE_SIGN_STYLE = Automatic;
				CURRENT_PROJECT_VERSION = 1;
				DEVELOPMENT_TEAM = LQRUCN56PN;
				GENERATE_INFOPLIST_FILE = YES;
				MARKETING_VERSION = 1.0;
				PRODUCT_BUNDLE_IDENTIFIER = com.yfsdevelop.assignment1UITests;
				PRODUCT_NAME = "$(TARGET_NAME)";
				SWIFT_EMIT_LOC_STRINGS = NO;
				SWIFT_VERSION = 5.0;
				TARGETED_DEVICE_FAMILY = "1,2";
				TEST_TARGET_NAME = assignment1;
			};
			name = Debug;
		};
		A4C8582C28CFF96900B29023 /* Release */ = {
			isa = XCBuildConfiguration;
			baseConfigurationReference = 523BA1C2F6715BAF1FC838AB /* Pods-assignment1-assignment1UITests.release.xcconfig */;
			buildSettings = {
				ALWAYS_EMBED_SWIFT_STANDARD_LIBRARIES = YES;
				CODE_SIGN_STYLE = Automatic;
				CURRENT_PROJECT_VERSION = 1;
				DEVELOPMENT_TEAM = LQRUCN56PN;
				GENERATE_INFOPLIST_FILE = YES;
				MARKETING_VERSION = 1.0;
				PRODUCT_BUNDLE_IDENTIFIER = com.yfsdevelop.assignment1UITests;
				PRODUCT_NAME = "$(TARGET_NAME)";
				SWIFT_EMIT_LOC_STRINGS = NO;
				SWIFT_VERSION = 5.0;
				TARGETED_DEVICE_FAMILY = "1,2";
				TEST_TARGET_NAME = assignment1;
			};
			name = Release;
		};
/* End XCBuildConfiguration section */

/* Begin XCConfigurationList section */
		A4C857F528CFF96500B29023 /* Build configuration list for PBXProject "assignment1" */ = {
			isa = XCConfigurationList;
			buildConfigurations = (
				A4C8582228CFF96900B29023 /* Debug */,
				A4C8582328CFF96900B29023 /* Release */,
			);
			defaultConfigurationIsVisible = 0;
			defaultConfigurationName = Release;
		};
		A4C8582428CFF96900B29023 /* Build configuration list for PBXNativeTarget "assignment1" */ = {
			isa = XCConfigurationList;
			buildConfigurations = (
				A4C8582528CFF96900B29023 /* Debug */,
				A4C8582628CFF96900B29023 /* Release */,
			);
			defaultConfigurationIsVisible = 0;
			defaultConfigurationName = Release;
		};
		A4C8582728CFF96900B29023 /* Build configuration list for PBXNativeTarget "assignment1Tests" */ = {
			isa = XCConfigurationList;
			buildConfigurations = (
				A4C8582828CFF96900B29023 /* Debug */,
				A4C8582928CFF96900B29023 /* Release */,
			);
			defaultConfigurationIsVisible = 0;
			defaultConfigurationName = Release;
		};
		A4C8582A28CFF96900B29023 /* Build configuration list for PBXNativeTarget "assignment1UITests" */ = {
			isa = XCConfigurationList;
			buildConfigurations = (
				A4C8582B28CFF96900B29023 /* Debug */,
				A4C8582C28CFF96900B29023 /* Release */,
			);
			defaultConfigurationIsVisible = 0;
			defaultConfigurationName = Release;
		};
/* End XCConfigurationList section */

/* Begin XCRemoteSwiftPackageReference section */
		A4EEF20928D01654005E0A6F /* XCRemoteSwiftPackageReference "AlamofireImage" */ = {
			isa = XCRemoteSwiftPackageReference;
			repositoryURL = "https://github.com/Alamofire/AlamofireImage";
			requirement = {
				kind = upToNextMajorVersion;
				minimumVersion = 4.0.0;
			};
		};
/* End XCRemoteSwiftPackageReference section */

/* Begin XCSwiftPackageProductDependency section */
		A4EEF20A28D01654005E0A6F /* AlamofireImage */ = {
			isa = XCSwiftPackageProductDependency;
			package = A4EEF20928D01654005E0A6F /* XCRemoteSwiftPackageReference "AlamofireImage" */;
			productName = AlamofireImage;
		};
/* End XCSwiftPackageProductDependency section */
	};
	rootObject = A4C857F228CFF96500B29023 /* Project object */;
}
